
Microsoft Visual Studio Solution File, Format Version 11.00
# Visual C# Express 2010
Project("{FAE04EC0-301F-11D3-BF4B-00C04F79EFBC}") = "Auto Type EX", "Auto Type EX.csproj", "{CC9D2DB7-6ADF-4970-A464-373B76FBDFB3}"
EndProject
Global
	GlobalSection(SolutionConfigurationPlatforms) = preSolution
		Debug|x86 = Debug|x86
		Release|x86 = Release|x86
	EndGlobalSection
	GlobalSection(ProjectConfigurationPlatforms) = postSolution
		{CC9D2DB7-6ADF-4970-A464-373B76FBDFB3}.Debug|x86.ActiveCfg = Debug|x86
		{CC9D2DB7-6ADF-4970-A464-373B76FBDFB3}.Debug|x86.Build.0 = Debug|x86
		{CC9D2DB7-6ADF-4970-A464-373B76FBDFB3}.Release|x86.ActiveCfg = Release|x86
		{CC9D2DB7-6ADF-4970-A464-373B76FBDFB3}.Release|x86.Build.0 = Release|x86
	EndGlobalSection
	GlobalSection(SolutionProperties) = preSolution
		HideSolutionNode = FALSE
	EndGlobalSection
EndGlobal
